<?xml version="1.0" encoding="utf-8"?>
<Project ToolsVersion="4.0" xmlns="http://schemas.microsoft.com/developer/msbuild/2003">
  <ItemGroup>
    <ClCompile Include="GameDisplayGui.cpp">
      <Filter>graphics\gui</Filter>
    </ClCompile>
    <ClCompile Include="Gui.cpp">
      <Filter>graphics\gui</Filter>
    </ClCompile>
    <ClCompile Include="GuiGameOver.cpp">
      <Filter>graphics\gui</Filter>
    </ClCompile>
    <ClCompile Include="GuiIngame.cpp">
      <Filter>graphics\gui</Filter>
    </ClCompile>
    <ClCompile Include="GuiMainMenu.cpp">
      <Filter>graphics\gui</Filter>
    </ClCompile>
    <ClCompile Include="GuiMapSelect.cpp">
      <Filter>graphics\gui</Filter>
    </ClCompile>
    <ClCompile Include="GuiPowers.cpp">
      <Filter>graphics\gui</Filter>
    </ClCompile>
    <ClCompile Include="GuiSettings.cpp">
      <Filter>graphics\gui</Filter>
    </ClCompile>
    <ClCompile Include="GameDisplay.cpp">
      <Filter>graphics</Filter>
    </ClCompile>
    <ClCompile Include="main.cpp">
      <Filter>main</Filter>
    </ClCompile>
    <ClCompile Include="Game.cpp">
      <Filter>main</Filter>
    </ClCompile>
    <ClCompile Include="Car.cpp">
      <Filter>level\cars</Filter>
    </ClCompile>
    <ClCompile Include="CarAmbulance.cpp">
      <Filter>level\cars</Filter>
    </ClCompile>
    <ClCompile Include="CarBus.cpp">
      <Filter>level\cars</Filter>
    </ClCompile>
    <ClCompile Include="CarLorry.cpp">
      <Filter>level\cars</Filter>
    </ClCompile>
    <ClCompile Include="CarRare.cpp">
      <Filter>level\cars</Filter>
    </ClCompile>
    <ClCompile Include="GameLevel.cpp">
      <Filter>level</Filter>
    </ClCompile>
    <ClCompile Include="GuiYesNo.cpp">
      <Filter>graphics\gui</Filter>
    </ClCompile>
    <ClCompile Include="Button.cpp">
      <Filter>graphics\gui\Kontrolki</Filter>
    </ClCompile>
    <ClCompile Include="ButtonToggle.cpp">
      <Filter>graphics\gui\Kontrolki</Filter>
    </ClCompile>
    <ClCompile Include="ButtonImage.cpp">
      <Filter>graphics\gui\Kontrolki</Filter>
    </ClCompile>
    <ClCompile Include="EventHandler.cpp">
      <Filter>main\event</Filter>
    </ClCompile>
    <ClCompile Include="CarType.cpp">
      <Filter>level\cars</Filter>
    </ClCompile>
    <ClCompile Include="LevelData.cpp">
      <Filter>level\maps</Filter>
    </ClCompile>
    <ClCompile Include="Power.cpp">
      <Filter>level\powers</Filter>
    </ClCompile>
    <ClCompile Include="GameEvent.cpp">
      <Filter>main\event</Filter>
    </ClCompile>
  </ItemGroup>
  <ItemGroup>
    <ClInclude Include="Gui.h">
      <Filter>graphics\gui</Filter>
    </ClInclude>
    <ClInclude Include="GuiGameOver.h">
      <Filter>graphics\gui</Filter>
    </ClInclude>
    <ClInclude Include="GuiIngame.h">
      <Filter>graphics\gui</Filter>
    </ClInclude>
    <ClInclude Include="GuiMainMenu.h">
      <Filter>graphics\gui</Filter>
    </ClInclude>
    <ClInclude Include="GuiMapSelect.h">
      <Filter>graphics\gui</Filter>
    </ClInclude>
    <ClInclude Include="GuiPowers.h">
      <Filter>graphics\gui</Filter>
    </ClInclude>
    <ClInclude Include="GuiSettings.h">
      <Filter>graphics\gui</Filter>
    </ClInclude>
    <ClInclude Include="GameDisplay.h">
      <Filter>graphics</Filter>
    </ClInclude>
    <ClInclude Include="Game.h">
      <Filter>main</Filter>
    </ClInclude>
    <ClInclude Include="Car.h">
      <Filter>level\cars</Filter>
    </ClInclude>
    <ClInclude Include="CarAmbulance.h">
      <Filter>level\cars</Filter>
    </ClInclude>
    <ClInclude Include="CarBus.h">
      <Filter>level\cars</Filter>
    </ClInclude>
    <ClInclude Include="CarLorry.h">
      <Filter>level\cars</Filter>
    </ClInclude>
    <ClInclude Include="CarRare.h">
      <Filter>level\cars</Filter>
    </ClInclude>
    <ClInclude Include="GuiYesNo.h">
      <Filter>graphics\gui</Filter>
    </ClInclude>
    <ClInclude Include="Button.h">
      <Filter>graphics\gui\Kontrolki</Filter>
    </ClInclude>
    <ClInclude Include="ButtonToggle.h">
      <Filter>graphics\gui\Kontrolki</Filter>
    </ClInclude>
    <ClInclude Include="ButtonImage.h">
      <Filter>graphics\gui\Kontrolki</Filter>
    </ClInclude>
    <ClInclude Include="resource.h" />
    <ClInclude Include="EventHandler.h">
      <Filter>main\event</Filter>
    </ClInclude>
    <ClInclude Include="CarType.h">
      <Filter>level\cars</Filter>
    </ClInclude>
    <ClInclude Include="GameEvent.h">
      <Filter>main\event</Filter>
    </ClInclude>
    <ClInclude Include="LevelData.h">
      <Filter>level\maps</Filter>
    </ClInclude>
    <ClInclude Include="maptype.h">
      <Filter>level\maps</Filter>
    </ClInclude>
    <ClInclude Include="Power.h">
      <Filter>level\powers</Filter>
    </ClInclude>
    <ClInclude Include="Level.h">
      <Filter>level</Filter>
    </ClInclude>
  </ItemGroup>
  <ItemGroup>
    <Filter Include="main">
      <UniqueIdentifier>{be6ab483-0700-4dd6-a26b-5852fa06f175}</UniqueIdentifier>
    </Filter>
    <Filter Include="main\event">
      <UniqueIdentifier>{c957a04a-b31d-4758-8d3b-fcf264e7bcf3}</UniqueIdentifier>
    </Filter>
    <Filter Include="graphics">
      <UniqueIdentifier>{667507ac-807a-4959-b19f-bf6ee79c75f1}</UniqueIdentifier>
    </Filter>
    <Filter Include="graphics\gui">
      <UniqueIdentifier>{eefad9c2-fc86-4e6a-8a5a-f33ba4130af0}</UniqueIdentifier>
    </Filter>
    <Filter Include="graphics\gui\Kontrolki">
      <UniqueIdentifier>{4bde3544-0bb3-42b8-9ef0-b76989883f5d}</UniqueIdentifier>
    </Filter>
    <Filter Include="unused">
      <UniqueIdentifier>{d0325697-8ca4-4fff-8a37-a01e86c7181e}</UniqueIdentifier>
    </Filter>
    <Filter Include="level">
      <UniqueIdentifier>{11c73320-f831-4dbb-8d0b-7e2b1073f0cd}</UniqueIdentifier>
    </Filter>
    <Filter Include="resource">
      <UniqueIdentifier>{442c36d2-e105-481d-a24d-265fb6fbe1ed}</UniqueIdentifier>
    </Filter>
    <Filter Include="level\cars">
      <UniqueIdentifier>{a9948a9f-6f08-4bad-ab9b-60c1aabadd1d}</UniqueIdentifier>
    </Filter>
    <Filter Include="level\maps">
      <UniqueIdentifier>{8ab08327-b0fe-44dd-92c4-001d95b76818}</UniqueIdentifier>
    </Filter>
    <Filter Include="level\powers">
      <UniqueIdentifier>{986e5b6a-d464-4c75-8129-1fa756f9355b}</UniqueIdentifier>
    </Filter>
  </ItemGroup>
  <ItemGroup>
    <ResourceCompile Include="icon.rc">
      <Filter>resource</Filter>
    </ResourceCompile>
    <ResourceCompile Include="version.rc">
      <Filter>resource</Filter>
    </ResourceCompile>
  </ItemGroup>
  <ItemGroup>
    <None Include="CHANGELOG" />
  </ItemGroup>
</Project>