<?xml version="1.0" encoding="UTF-8" standalone="yes" ?>
<CodeBlocks_project_file>
	<FileVersion major="1" minor="6" />
	<Project>
		<Option title="CarGame" />
		<Option pch_mode="2" />
		<Option compiler="gnu_gcc_compiler_32bit" />
		<Option virtualFolders="Game\Car\;Game\Car\Types\;Game\;Base\;Game\Level\;Event\;Game\Power\;Utility\;Resource\;Gui\;Gui\Types\;Gui\Button\;Game\Power\Types\;Render\;(Windows) Resources\;" />
		<Build>
			<Target title="Debug">
				<Option output="bin/cgd" prefix_auto="1" extension_auto="1" />
				<Option working_dir="bin/" />
				<Option object_output="obj/Debug/" />
				<Option type="1" />
				<Option compiler="gcc" />
				<Compiler>
					<Add option="-std=c++11" />
					<Add option="-g" />
				</Compiler>
				<Linker>
					<Add option="-static-libstdc++" />
					<Add option="-static-libgcc" />
					<Add option="-static" />
					<Add library="hmutil" />
					<Add library="sfml-graphics-s" />
					<Add library="sfml-window-s" />
					<Add library="sfml-audio-s" />
					<Add library="sfml-network-s" />
					<Add library="sfml-system-s" />
					<Add library="sfml-main" />
					<Add library="opengl32" />
					<Add library="freetype" />
					<Add library="jpeg" />
					<Add library="winmm" />
					<Add library="gdi32" />
					<Add library="openal32" />
					<Add library="flac" />
					<Add library="vorbisenc" />
					<Add library="vorbisfile" />
					<Add library="vorbis" />
					<Add library="ogg" />
					<Add library="ws2_32" />
					<Add directory="F:/C++/LIBY/SFML-2.4.2-sources/SFML-2.4.2/extlibs/libs-mingw/x64" />
					<Add directory="F:/C++/LIBY/SFML-2.4.2-BUILD/lib" />
				</Linker>
			</Target>
			<Target title="Release32">
				<Option output="bin/cg32" prefix_auto="1" extension_auto="1" />
				<Option working_dir="bin/" />
				<Option object_output="obj/Release32/" />
				<Option type="0" />
				<Option compiler="gnu_gcc_compiler_32bit" />
				<Compiler>
					<Add option="-O2" />
					<Add option="-std=c++11" />
				</Compiler>
				<Linker>
					<Add option="-s" />
					<Add option="-static-libstdc++" />
					<Add option="-static-libgcc" />
					<Add option="-static" />
					<Add library="hmutil32" />
					<Add library="sfml-graphics-s" />
					<Add library="sfml-window-s" />
					<Add library="sfml-system-s" />
					<Add library="sfml-main" />
					<Add library="opengl32" />
					<Add library="freetype" />
					<Add library="jpeg" />
					<Add library="winmm" />
					<Add library="gdi32" />
					<Add directory="F:/C++/LIBY/SFML-2.4.2-sources/SFML-2.4.2/extlibs/libs-mingw/x86" />
					<Add directory="F:/C++/LIBY/SFML-2.4.2-BUILD-32bit/lib" />
				</Linker>
			</Target>
			<Target title="Release64">
				<Option output="bin/cg64" prefix_auto="1" extension_auto="1" />
				<Option working_dir="bin/" />
				<Option object_output="obj/Release64/" />
				<Option type="0" />
				<Option compiler="gcc" />
				<Compiler>
					<Add option="-O2" />
					<Add option="-std=c++11" />
				</Compiler>
				<Linker>
					<Add option="-s" />
					<Add option="-static-libstdc++" />
					<Add option="-static-libgcc" />
					<Add option="-static" />
					<Add library="hmutil" />
					<Add library="sfml-graphics-s" />
					<Add library="sfml-window-s" />
					<Add library="sfml-system-s" />
					<Add library="sfml-main" />
					<Add library="opengl32" />
					<Add library="freetype" />
					<Add library="jpeg" />
					<Add library="winmm" />
					<Add library="gdi32" />
					<Add directory="F:/C++/LIBY/SFML-2.4.2-sources/SFML-2.4.2/extlibs/libs-mingw/x64" />
					<Add directory="F:/C++/LIBY/SFML-2.4.2-BUILD/lib" />
				</Linker>
			</Target>
		</Build>
		<VirtualTargets>
			<Add alias="All" targets="Debug;Release32;Release64;" />
		</VirtualTargets>
		<Compiler>
			<Add option="-Wall" />
			<Add option="-DSFML_STATIC" />
			<Add directory="F:/C++/LIBY/SFML-2.4.2-sources/SFML-2.4.2/include" />
			<Add directory="F:/C++/HackerMan/Libs/src" />
		</Compiler>
		<Linker>
			<Add directory="F:/C++/HackerMan/Libs/hmUtil" />
		</Linker>
		<Unit filename="Button.cpp">
			<Option virtualFolder="Gui/Button/" />
		</Unit>
		<Unit filename="Button.h">
			<Option virtualFolder="Gui/Button/" />
		</Unit>
		<Unit filename="ButtonCircle.cpp">
			<Option virtualFolder="Gui/Button/" />
		</Unit>
		<Unit filename="ButtonCircle.h">
			<Option virtualFolder="Gui/Button/" />
		</Unit>
		<Unit filename="ButtonImage.cpp">
			<Option virtualFolder="Gui/Button/" />
		</Unit>
		<Unit filename="ButtonImage.h">
			<Option virtualFolder="Gui/Button/" />
		</Unit>
		<Unit filename="ButtonToggle.cpp">
			<Option virtualFolder="Gui/Button/" />
		</Unit>
		<Unit filename="ButtonToggle.h">
			<Option virtualFolder="Gui/Button/" />
		</Unit>
		<Unit filename="Car.cpp">
			<Option virtualFolder="Game/Car/" />
		</Unit>
		<Unit filename="Car.h">
			<Option virtualFolder="Game/Car/" />
		</Unit>
		<Unit filename="CarAmbulance.cpp">
			<Option virtualFolder="Game/Car/Types/" />
		</Unit>
		<Unit filename="CarAmbulance.h">
			<Option virtualFolder="Game/Car/Types/" />
		</Unit>
		<Unit filename="CarBomb.cpp">
			<Option virtualFolder="Game/Car/Types/" />
		</Unit>
		<Unit filename="CarBomb.hpp">
			<Option virtualFolder="Game/Car/Types/" />
		</Unit>
		<Unit filename="CarBus.cpp">
			<Option virtualFolder="Game/Car/Types/" />
		</Unit>
		<Unit filename="CarBus.h">
			<Option virtualFolder="Game/Car/Types/" />
		</Unit>
		<Unit filename="CarLorry.cpp">
			<Option virtualFolder="Game/Car/Types/" />
		</Unit>
		<Unit filename="CarLorry.h">
			<Option virtualFolder="Game/Car/Types/" />
		</Unit>
		<Unit filename="CarRare.cpp">
			<Option virtualFolder="Game/Car/Types/" />
		</Unit>
		<Unit filename="CarRare.h">
			<Option virtualFolder="Game/Car/Types/" />
		</Unit>
		<Unit filename="CarTrain.cpp">
			<Option virtualFolder="Game/Car/Types/" />
		</Unit>
		<Unit filename="CarTrain.hpp">
			<Option virtualFolder="Game/Car/Types/" />
		</Unit>
		<Unit filename="CarType.cpp">
			<Option virtualFolder="Game/Car/" />
		</Unit>
		<Unit filename="CarType.h">
			<Option virtualFolder="Game/Car/" />
		</Unit>
		<Unit filename="EventHandler.cpp">
			<Option virtualFolder="Event/" />
		</Unit>
		<Unit filename="EventHandler.h">
			<Option virtualFolder="Event/" />
		</Unit>
		<Unit filename="FileUtil.cpp">
			<Option virtualFolder="Utility/" />
		</Unit>
		<Unit filename="FileUtil.hpp">
			<Option virtualFolder="Utility/" />
		</Unit>
		<Unit filename="Game.cpp">
			<Option virtualFolder="Base/" />
		</Unit>
		<Unit filename="Game.h">
			<Option virtualFolder="Base/" />
		</Unit>
		<Unit filename="GameDisplay.cpp">
			<Option virtualFolder="Render/" />
		</Unit>
		<Unit filename="GameDisplay.h">
			<Option virtualFolder="Render/" />
		</Unit>
		<Unit filename="GameDisplayGui.cpp">
			<Option virtualFolder="Render/" />
		</Unit>
		<Unit filename="GameEvent.cpp">
			<Option virtualFolder="Event/" />
		</Unit>
		<Unit filename="GameEvent.h">
			<Option virtualFolder="Event/" />
		</Unit>
		<Unit filename="GameLevel.cpp">
			<Option virtualFolder="Base/" />
		</Unit>
		<Unit filename="Gui.cpp">
			<Option virtualFolder="Gui/" />
		</Unit>
		<Unit filename="Gui.h">
			<Option virtualFolder="Gui/" />
		</Unit>
		<Unit filename="GuiGameOver.cpp">
			<Option virtualFolder="Gui/Types/" />
		</Unit>
		<Unit filename="GuiGameOver.h">
			<Option virtualFolder="Gui/Types/" />
		</Unit>
		<Unit filename="GuiIngame.cpp">
			<Option virtualFolder="Gui/Types/" />
		</Unit>
		<Unit filename="GuiIngame.h">
			<Option virtualFolder="Gui/Types/" />
		</Unit>
		<Unit filename="GuiLanguage.cpp">
			<Option virtualFolder="Gui/Types/" />
		</Unit>
		<Unit filename="GuiLanguage.hpp">
			<Option virtualFolder="Gui/Types/" />
		</Unit>
		<Unit filename="GuiMainMenu.cpp">
			<Option virtualFolder="Gui/Types/" />
		</Unit>
		<Unit filename="GuiMainMenu.h">
			<Option virtualFolder="Gui/Types/" />
		</Unit>
		<Unit filename="GuiMapSelect.cpp">
			<Option virtualFolder="Gui/Types/" />
		</Unit>
		<Unit filename="GuiMapSelect.h">
			<Option virtualFolder="Gui/Types/" />
		</Unit>
		<Unit filename="GuiPowers.cpp">
			<Option virtualFolder="Gui/Types/" />
		</Unit>
		<Unit filename="GuiPowers.h">
			<Option virtualFolder="Gui/Types/" />
		</Unit>
		<Unit filename="GuiSettings.cpp">
			<Option virtualFolder="Gui/Types/" />
		</Unit>
		<Unit filename="GuiSettings.h">
			<Option virtualFolder="Gui/Types/" />
		</Unit>
		<Unit filename="GuiYesNo.cpp">
			<Option virtualFolder="Gui/Types/" />
		</Unit>
		<Unit filename="GuiYesNo.h">
			<Option virtualFolder="Gui/Types/" />
		</Unit>
		<Unit filename="Level.cpp">
			<Option virtualFolder="Utility/" />
		</Unit>
		<Unit filename="Level.h">
			<Option virtualFolder="Utility/" />
		</Unit>
		<Unit filename="LevelData.cpp">
			<Option virtualFolder="Game/Level/" />
		</Unit>
		<Unit filename="LevelData.h">
			<Option virtualFolder="Game/Level/" />
		</Unit>
		<Unit filename="Power.cpp">
			<Option virtualFolder="Game/Power/" />
		</Unit>
		<Unit filename="Power.h">
			<Option virtualFolder="Game/Power/" />
		</Unit>
		<Unit filename="PowerFence.cpp">
			<Option virtualFolder="Game/Power/Types/" />
		</Unit>
		<Unit filename="PowerFence.hpp">
			<Option virtualFolder="Game/Power/Types/" />
		</Unit>
		<Unit filename="PowerFreeze.cpp">
			<Option virtualFolder="Game/Power/Types/" />
		</Unit>
		<Unit filename="PowerFreeze.hpp">
			<Option virtualFolder="Game/Power/Types/" />
		</Unit>
		<Unit filename="PowerOil.cpp">
			<Option virtualFolder="Game/Power/Types/" />
		</Unit>
		<Unit filename="PowerOil.hpp">
			<Option virtualFolder="Game/Power/Types/" />
		</Unit>
		<Unit filename="PowerPointBoost.cpp">
			<Option virtualFolder="Game/Power/Types/" />
		</Unit>
		<Unit filename="PowerPointBoost.hpp">
			<Option virtualFolder="Game/Power/Types/" />
		</Unit>
		<Unit filename="TranslationManager.cpp">
			<Option virtualFolder="Resource/" />
		</Unit>
		<Unit filename="TranslationManager.hpp">
			<Option virtualFolder="Resource/" />
		</Unit>
		<Unit filename="icon.rc">
			<Option compilerVar="WINDRES" />
			<Option virtualFolder="(Windows) Resources/" />
		</Unit>
		<Unit filename="main.cpp">
			<Option virtualFolder="Base/" />
		</Unit>
		<Unit filename="maptype.h">
			<Option virtualFolder="Game/Level/" />
		</Unit>
		<Unit filename="version.rc">
			<Option compilerVar="WINDRES" />
			<Option virtualFolder="(Windows) Resources/" />
		</Unit>
		<Extensions>
			<code_completion />
			<envvars />
			<debugger />
			<lib_finder disable_auto="1" />
		</Extensions>
	</Project>
</CodeBlocks_project_file>
